// !$*UTF8*$!
{
	archiveVersion = 1;
	classes = {
	};
	objectVersion = 50;
	objects = {

/* Begin PBXBuildFile section */
		4DC50397217CCCC70047B57F /* AppDelegate.m in Sources */ = {isa = PBXBuildFile; fileRef = 4DC50396217CCCC70047B57F /* AppDelegate.m */; };
		4DC5039A217CCCC70047B57F /* ViewController.m in Sources */ = {isa = PBXBuildFile; fileRef = 4DC50399217CCCC70047B57F /* ViewController.m */; };
		4DC5039D217CCCC70047B57F /* Main.storyboard in Resources */ = {isa = PBXBuildFile; fileRef = 4DC5039B217CCCC70047B57F /* Main.storyboard */; };
		4DC5039F217CCCC80047B57F /* Assets.xcassets in Resources */ = {isa = PBXBuildFile; fileRef = 4DC5039E217CCCC80047B57F /* Assets.xcassets */; };
		4DC503A2217CCCC80047B57F /* LaunchScreen.storyboard in Resources */ = {isa = PBXBuildFile; fileRef = 4DC503A0217CCCC80047B57F /* LaunchScreen.storyboard */; };
		4DC503A5217CCCC80047B57F /* main.m in Sources */ = {isa = PBXBuildFile; fileRef = 4DC503A4217CCCC80047B57F /* main.m */; };
		4DC503AF217CCCC80047B57F /* HelloUITests.m in Sources */ = {isa = PBXBuildFile; fileRef = 4DC503AE217CCCC80047B57F /* HelloUITests.m */; };
		4DC503BA217CCCC90047B57F /* HelloUIUITests.m in Sources */ = {isa = PBXBuildFile; fileRef = 4DC503B9217CCCC90047B57F /* HelloUIUITests.m */; };
/* End PBXBuildFile section */

/* Begin PBXContainerItemProxy section */
		4DC503AB217CCCC80047B57F /* PBXContainerItemProxy */ = {
			isa = PBXContainerItemProxy;
			containerPortal = 4DC5038A217CCCC70047B57F /* Project object */;
			proxyType = 1;
			remoteGlobalIDString = 4DC50391217CCCC70047B57F;
			remoteInfo = HelloUI;
		};
		4DC503B6217CCCC80047B57F /* PBXContainerItemProxy */ = {
			isa = PBXContainerItemProxy;
			containerPortal = 4DC5038A217CCCC70047B57F /* Project object */;
			proxyType = 1;
			remoteGlobalIDString = 4DC50391217CCCC70047B57F;
			remoteInfo = HelloUI;
		};
/* End PBXContainerItemProxy section */

/* Begin PBXFileReference section */
		4DC50392217CCCC70047B57F /* HelloUI.app */ = {isa = PBXFileReference; explicitFileType = wrapper.application; includeInIndex = 0; path = HelloUI.app; sourceTree = BUILT_PRODUCTS_DIR; };
		4DC50395217CCCC70047B57F /* AppDelegate.h */ = {isa = PBXFileReference; lastKnownFileType = sourcecode.c.h; path = AppDelegate.h; sourceTree = "<group>"; };
		4DC50396217CCCC70047B57F /* AppDelegate.m */ = {isa = PBXFileReference; lastKnownFileType = sourcecode.c.objc; path = AppDelegate.m; sourceTree = "<group>"; };
		4DC50398217CCCC70047B57F /* ViewController.h */ = {isa = PBXFileReference; lastKnownFileType = sourcecode.c.h; path = ViewController.h; sourceTree = "<group>"; };
		4DC50399217CCCC70047B57F /* ViewController.m */ = {isa = PBXFileReference; lastKnownFileType = sourcecode.c.objc; path = ViewController.m; sourceTree = "<group>"; };
		4DC5039C217CCCC70047B57F /* Base */ = {isa = PBXFileReference; lastKnownFileType = file.storyboard; name = Base; path = Base.lproj/Main.storyboard; sourceTree = "<group>"; };
		4DC5039E217CCCC80047B57F /* Assets.xcassets */ = {isa = PBXFileReference; lastKnownFileType = folder.assetcatalog; path = Assets.xcassets; sourceTree = "<group>"; };
		4DC503A1217CCCC80047B57F /* Base */ = {isa = PBXFileReference; lastKnownFileType = file.storyboard; name = Base; path = Base.lproj/LaunchScreen.storyboard; sourceTree = "<group>"; };
		4DC503A3217CCCC80047B57F /* Info.plist */ = {isa = PBXFileReference; lastKnownFileType = text.plist.xml; path = Info.plist; sourceTree = "<group>"; };
		4DC503A4217CCCC80047B57F /* main.m */ = {isa = PBXFileReference; lastKnownFileType = sourcecode.c.objc; path = main.m; sourceTree = "<group>"; };
		4DC503AA217CCCC80047B57F /* HelloUITests.xctest */ = {isa = PBXFileReference; explicitFileType = wrapper.cfbundle; includeInIndex = 0; path = HelloUITests.xctest; sourceTree = BUILT_PRODUCTS_DIR; };
		4DC503AE217CCCC80047B57F /* HelloUITests.m */ = {isa = PBXFileReference; lastKnownFileType = sourcecode.c.objc; path = HelloUITests.m; sourceTree = "<group>"; };
		4DC503B0217CCCC80047B57F /* Info.plist */ = {isa = PBXFileReference; lastKnownFileType = text.plist.xml; path = Info.plist; sourceTree = "<group>"; };
		4DC503B5217CCCC80047B57F /* HelloUIUITests.xctest */ = {isa = PBXFileReference; explicitFileType = wrapper.cfbundle; includeInIndex = 0; path = HelloUIUITests.xctest; sourceTree = BUILT_PRODUCTS_DIR; };
		4DC503B9217CCCC90047B57F /* HelloUIUITests.m */ = {isa = PBXFileReference; lastKnownFileType = sourcecode.c.objc; path = HelloUIUITests.m; sourceTree = "<group>"; };
		4DC503BB217CCCC90047B57F /* Info.plist */ = {isa = PBXFileReference; lastKnownFileType = text.plist.xml; path = Info.plist; sourceTree = "<group>"; };
/* End PBXFileReference section */

/* Begin PBXFrameworksBuildPhase section */
		4DC5038F217CCCC70047B57F /* Frameworks */ = {
			isa = PBXFrameworksBuildPhase;
			buildActionMask = 2147483647;
			files = (
			);
			runOnlyForDeploymentPostprocessing = 0;
		};
		4DC503A7217CCCC80047B57F /* Frameworks */ = {
			isa = PBXFrameworksBuildPhase;
			buildActionMask = 2147483647;
			files = (
			);
			runOnlyForDeploymentPostprocessing = 0;
		};
		4DC503B2217CCCC80047B57F /* Frameworks */ = {
			isa = PBXFrameworksBuildPhase;
			buildActionMask = 2147483647;
			files = (
			);
			runOnlyForDeploymentPostprocessing = 0;
		};
/* End PBXFrameworksBuildPhase section */

/* Begin PBXGroup section */
		4DC50389217CCCC70047B57F = {
			isa = PBXGroup;
			children = (
				4DC50394217CCCC70047B57F /* HelloUI */,
				4DC503AD217CCCC80047B57F /* HelloUITests */,
				4DC503B8217CCCC80047B57F /* HelloUIUITests */,
				4DC50393217CCCC70047B57F /* Products */,
			);
			sourceTree = "<group>";
		};
		4DC50393217CCCC70047B57F /* Products */ = {
			isa = PBXGroup;
			children = (
				4DC50392217CCCC70047B57F /* HelloUI.app */,
				4DC503AA217CCCC80047B57F /* HelloUITests.xctest */,
				4DC503B5217CCCC80047B57F /* HelloUIUITests.xctest */,
			);
			name = Products;
			sourceTree = "<group>";
		};
		4DC50394217CCCC70047B57F /* HelloUI */ = {
			isa = PBXGroup;
			children = (
				4DC50395217CCCC70047B57F /* AppDelegate.h */,
				4DC50396217CCCC70047B57F /* AppDelegate.m */,
				4DC50398217CCCC70047B57F /* ViewController.h */,
				4DC50399217CCCC70047B57F /* ViewController.m */,
				4DC5039B217CCCC70047B57F /* Main.storyboard */,
				4DC5039E217CCCC80047B57F /* Assets.xcassets */,
				4DC503A0217CCCC80047B57F /* LaunchScreen.storyboard */,
				4DC503A3217CCCC80047B57F /* Info.plist */,
				4DC503A4217CCCC80047B57F /* main.m */,
			);
			path = HelloUI;
			sourceTree = "<group>";
		};
		4DC503AD217CCCC80047B57F /* HelloUITests */ = {
			isa = PBXGroup;
			children = (
				4DC503AE217CCCC80047B57F /* HelloUITests.m */,
				4DC503B0217CCCC80047B57F /* Info.plist */,
			);
			path = HelloUITests;
			sourceTree = "<group>";
		};
		4DC503B8217CCCC80047B57F /* HelloUIUITests */ = {
			isa = PBXGroup;
			children = (
				4DC503B9217CCCC90047B57F /* HelloUIUITests.m */,
				4DC503BB217CCCC90047B57F /* Info.plist */,
			);
			path = HelloUIUITests;
			sourceTree = "<group>";
		};
/* End PBXGroup section */

/* Begin PBXNativeTarget section */
		4DC50391217CCCC70047B57F /* HelloUI */ = {
			isa = PBXNativeTarget;
			buildConfigurationList = 4DC503BE217CCCC90047B57F /* Build configuration list for PBXNativeTarget "HelloUI" */;
			buildPhases = (
				4DC5038E217CCCC70047B57F /* Sources */,
				4DC5038F217CCCC70047B57F /* Frameworks */,
				4DC50390217CCCC70047B57F /* Resources */,
			);
			buildRules = (
			);
			dependencies = (
			);
			name = HelloUI;
			productName = HelloUI;
			productReference = 4DC50392217CCCC70047B57F /* HelloUI.app */;
			productType = "com.apple.product-type.application";
		};
		4DC503A9217CCCC80047B57F /* HelloUITests */ = {
			isa = PBXNativeTarget;
			buildConfigurationList = 4DC503C1217CCCC90047B57F /* Build configuration list for PBXNativeTarget "HelloUITests" */;
			buildPhases = (
				4DC503A6217CCCC80047B57F /* Sources */,
				4DC503A7217CCCC80047B57F /* Frameworks */,
				4DC503A8217CCCC80047B57F /* Resources */,
			);
			buildRules = (
			);
			dependencies = (
				4DC503AC217CCCC80047B57F /* PBXTargetDependency */,
			);
			name = HelloUITests;
			productName = HelloUITests;
			productReference = 4DC503AA217CCCC80047B57F /* HelloUITests.xctest */;
			productType = "com.apple.product-type.bundle.unit-test";
		};
		4DC503B4217CCCC80047B57F /* HelloUIUITests */ = {
			isa = PBXNativeTarget;
			buildConfigurationList = 4DC503C4217CCCC90047B57F /* Build configuration list for PBXNativeTarget "HelloUIUITests" */;
			buildPhases = (
				4DC503B1217CCCC80047B57F /* Sources */,
				4DC503B2217CCCC80047B57F /* Frameworks */,
				4DC503B3217CCCC80047B57F /* Resources */,
			);
			buildRules = (
			);
			dependencies = (
				4DC503B7217CCCC80047B57F /* PBXTargetDependency */,
			);
			name = HelloUIUITests;
			productName = HelloUIUITests;
			productReference = 4DC503B5217CCCC80047B57F /* HelloUIUITests.xctest */;
			productType = "com.apple.product-type.bundle.ui-testing";
		};
/* End PBXNativeTarget section */

/* Begin PBXProject section */
		4DC5038A217CCCC70047B57F /* Project object */ = {
			isa = PBXProject;
			attributes = {
				LastUpgradeCheck = 1000;
				ORGANIZATIONNAME = mark;
				TargetAttributes = {
					4DC50391217CCCC70047B57F = {
						CreatedOnToolsVersion = 10.0;
					};
					4DC503A9217CCCC80047B57F = {
						CreatedOnToolsVersion = 10.0;
						TestTargetID = 4DC50391217CCCC70047B57F;
					};
					4DC503B4217CCCC80047B57F = {
						CreatedOnToolsVersion = 10.0;
						TestTargetID = 4DC50391217CCCC70047B57F;
					};
				};
			};
			buildConfigurationList = 4DC5038D217CCCC70047B57F /* Build configuration list for PBXProject "HelloUI" */;
			compatibilityVersion = "Xcode 9.3";
			developmentRegion = en;
			hasScannedForEncodings = 0;
			knownRegions = (
				en,
				Base,
			);
			mainGroup = 4DC50389217CCCC70047B57F;
			productRefGroup = 4DC50393217CCCC70047B57F /* Products */;
			projectDirPath = "";
			projectRoot = "";
			targets = (
				4DC50391217CCCC70047B57F /* HelloUI */,
				4DC503A9217CCCC80047B57F /* HelloUITests */,
				4DC503B4217CCCC80047B57F /* HelloUIUITests */,
			);
		};
/* End PBXProject section */

/* Begin PBXResourcesBuildPhase section */
		4DC50390217CCCC70047B57F /* Resources */ = {
			isa = PBXResourcesBuildPhase;
			buildActionMask = 2147483647;
			files = (
				4DC503A2217CCCC80047B57F /* LaunchScreen.storyboard in Resources */,
				4DC5039F217CCCC80047B57F /* Assets.xcassets in Resources */,
				4DC5039D217CCCC70047B57F /* Main.storyboard in Resources */,
			);
			runOnlyForDeploymentPostprocessing = 0;
		};
		4DC503A8217CCCC80047B57F /* Resources */ = {
			isa = PBXResourcesBuildPhase;
			buildActionMask = 2147483647;
			files = (
			);
			runOnlyForDeploymentPostprocessing = 0;
		};
		4DC503B3217CCCC80047B57F /* Resources */ = {
			isa = PBXResourcesBuildPhase;
			buildActionMask = 2147483647;
			files = (
			);
			runOnlyForDeploymentPostprocessing = 0;
		};
/* End PBXResourcesBuildPhase section */

/* Begin PBXSourcesBuildPhase section */
		4DC5038E217CCCC70047B57F /* Sources */ = {
			isa = PBXSourcesBuildPhase;
			buildActionMask = 2147483647;
			files = (
				4DC5039A217CCCC70047B57F /* ViewController.m in Sources */,
				4DC503A5217CCCC80047B57F /* main.m in Sources */,
				4DC50397217CCCC70047B57F /* AppDelegate.m in Sources */,
			);
			runOnlyForDeploymentPostprocessing = 0;
		};
		4DC503A6217CCCC80047B57F /* Sources */ = {
			isa = PBXSourcesBuildPhase;
			buildActionMask = 2147483647;
			files = (
				4DC503AF217CCCC80047B57F /* HelloUITests.m in Sources */,
			);
			runOnlyForDeploymentPostprocessing = 0;
		};
		4DC503B1217CCCC80047B57F /* Sources */ = {
			isa = PBXSourcesBuildPhase;
			buildActionMask = 2147483647;
			files = (
				4DC503BA217CCCC90047B57F /* HelloUIUITests.m in Sources */,
			);
			runOnlyForDeploymentPostprocessing = 0;
		};
/* End PBXSourcesBuildPhase section */

/* Begin PBXTargetDependency section */
		4DC503AC217CCCC80047B57F /* PBXTargetDependency */ = {
			isa = PBXTargetDependency;
			target = 4DC50391217CCCC70047B57F /* HelloUI */;
			targetProxy = 4DC503AB217CCCC80047B57F /* PBXContainerItemProxy */;
		};
		4DC503B7217CCCC80047B57F /* PBXTargetDependency */ = {
			isa = PBXTargetDependency;
			target = 4DC50391217CCCC70047B57F /* HelloUI */;
			targetProxy = 4DC503B6217CCCC80047B57F /* PBXContainerItemProxy */;
		};
/* End PBXTargetDependency section */

/* Begin PBXVariantGroup section */
		4DC5039B217CCCC70047B57F /* Main.storyboard */ = {
			isa = PBXVariantGroup;
			children = (
				4DC5039C217CCCC70047B57F /* Base */,
			);
			name = Main.storyboard;
			sourceTree = "<group>";
		};
		4DC503A0217CCCC80047B57F /* LaunchScreen.storyboard */ = {
			isa = PBXVariantGroup;
			children = (
				4DC503A1217CCCC80047B57F /* Base */,
			);
			name = LaunchScreen.storyboard;
			sourceTree = "<group>";
		};
/* End PBXVariantGroup section */

/* Begin XCBuildConfiguration section */
		4DC503BC217CCCC90047B57F /* Debug */ = {
			isa = XCBuildConfiguration;
			buildSettings = {
				ALWAYS_SEARCH_USER_PATHS = NO;
				CLANG_ANALYZER_NONNULL = YES;
				CLANG_ANALYZER_NUMBER_OBJECT_CONVERSION = YES_AGGRESSIVE;
				CLANG_CXX_LANGUAGE_STANDARD = "gnu++14";
				CLANG_CXX_LIBRARY = "libc++";
				CLANG_ENABLE_MODULES = YES;
				CLANG_ENABLE_OBJC_ARC = YES;
				CLANG_ENABLE_OBJC_WEAK = YES;
				CLANG_WARN_BLOCK_CAPTURE_AUTORELEASING = YES;
				CLANG_WARN_BOOL_CONVERSION = YES;
				CLANG_WARN_COMMA = YES;
				CLANG_WARN_CONSTANT_CONVERSION = YES;
				CLANG_WARN_DEPRECATED_OBJC_IMPLEMENTATIONS = YES;
				CLANG_WARN_DIRECT_OBJC_ISA_USAGE = YES_ERROR;
				CLANG_WARN_DOCUMENTATION_COMMENTS = YES;
				CLANG_WARN_EMPTY_BODY = YES;
				CLANG_WARN_ENUM_CONVERSION = YES;
				CLANG_WARN_INFINITE_RECURSION = YES;
				CLANG_WARN_INT_CONVERSION = YES;
				CLANG_WARN_NON_LITERAL_NULL_CONVERSION = YES;
				CLANG_WARN_OBJC_IMPLICIT_RETAIN_SELF = YES;
				CLANG_WARN_OBJC_LITERAL_CONVERSION = YES;
				CLANG_WARN_OBJC_ROOT_CLASS = YES_ERROR;
				CLANG_WARN_RANGE_LOOP_ANALYSIS = YES;
				CLANG_WARN_STRICT_PROTOTYPES = YES;
				CLANG_WARN_SUSPICIOUS_MOVE = YES;
				CLANG_WARN_UNGUARDED_AVAILABILITY = YES_AGGRESSIVE;
				CLANG_WARN_UNREACHABLE_CODE = YES;
				CLANG_WARN__DUPLICATE_METHOD_MATCH = YES;
				CODE_SIGN_IDENTITY = "iPhone Developer";
				COPY_PHASE_STRIP = NO;
				DEBUG_INFORMATION_FORMAT = dwarf;
				ENABLE_STRICT_OBJC_MSGSEND = YES;
				ENABLE_TESTABILITY = YES;
				GCC_C_LANGUAGE_STANDARD = gnu11;
				GCC_DYNAMIC_NO_PIC = NO;
				GCC_NO_COMMON_BLOCKS = YES;
				GCC_OPTIMIZATION_LEVEL = 0;
				GCC_PREPROCESSOR_DEFINITIONS = (
					"DEBUG=1",
					"$(inherited)",
				);
				GCC_WARN_64_TO_32_BIT_CONVERSION = YES;
				GCC_WARN_ABOUT_RETURN_TYPE = YES_ERROR;
				GCC_WARN_UNDECLARED_SELECTOR = YES;
				GCC_WARN_UNINITIALIZED_AUTOS = YES_AGGRESSIVE;
				GCC_WARN_UNUSED_FUNCTION = YES;
				GCC_WARN_UNUSED_VARIABLE = YES;
				IPHONEOS_DEPLOYMENT_TARGET = 12.0;
				MTL_ENABLE_DEBUG_INFO = INCLUDE_SOURCE;
				MTL_FAST_MATH = YES;
				ONLY_ACTIVE_ARCH = YES;
				SDKROOT = iphoneos;
			};
			name = Debug;
		};
		4DC503BD217CCCC90047B57F /* Release */ = {
			isa = XCBuildConfiguration;
			buildSettings = {
				ALWAYS_SEARCH_USER_PATHS = NO;
				CLANG_ANALYZER_NONNULL = YES;
				CLANG_ANALYZER_NUMBER_OBJECT_CONVERSION = YES_AGGRESSIVE;
				CLANG_CXX_LANGUAGE_STANDARD = "gnu++14";
				CLANG_CXX_LIBRARY = "libc++";
				CLANG_ENABLE_MODULES = YES;
				CLANG_ENABLE_OBJC_ARC = YES;
				CLANG_ENABLE_OBJC_WEAK = YES;
				CLANG_WARN_BLOCK_CAPTURE_AUTORELEASING = YES;
				CLANG_WARN_BOOL_CONVERSION = YES;
				CLANG_WARN_COMMA = YES;
				CLANG_WARN_CONSTANT_CONVERSION = YES;
				CLANG_WARN_DEPRECATED_OBJC_IMPLEMENTATIONS = YES;
				CLANG_WARN_DIRECT_OBJC_ISA_USAGE = YES_ERROR;
				CLANG_WARN_DOCUMENTATION_COMMENTS = YES;
				CLANG_WARN_EMPTY_BODY = YES;
				CLANG_WARN_ENUM_CONVERSION = YES;
				CLANG_WARN_INFINITE_RECURSION = YES;
				CLANG_WARN_INT_CONVERSION = YES;
				CLANG_WARN_NON_LITERAL_NULL_CONVERSION = YES;
				CLANG_WARN_OBJC_IMPLICIT_RETAIN_SELF = YES;
				CLANG_WARN_OBJC_LITERAL_CONVERSION = YES;
				CLANG_WARN_OBJC_ROOT_CLASS = YES_ERROR;
				CLANG_WARN_RANGE_LOOP_ANALYSIS = YES;
				CLANG_WARN_STRICT_PROTOTYPES = YES;
				CLANG_WARN_SUSPICIOUS_MOVE = YES;
				CLANG_WARN_UNGUARDED_AVAILABILITY = YES_AGGRESSIVE;
				CLANG_WARN_UNREACHABLE_CODE = YES;
				CLANG_WARN__DUPLICATE_METHOD_MATCH = YES;
				CODE_SIGN_IDENTITY = "iPhone Developer";
				COPY_PHASE_STRIP = NO;
				DEBUG_INFORMATION_FORMAT = "dwarf-with-dsym";
				ENABLE_NS_ASSERTIONS = NO;
				ENABLE_STRICT_OBJC_MSGSEND = YES;
				GCC_C_LANGUAGE_STANDARD = gnu11;
				GCC_NO_COMMON_BLOCKS = YES;
				GCC_WARN_64_TO_32_BIT_CONVERSION = YES;
				GCC_WARN_ABOUT_RETURN_TYPE = YES_ERROR;
				GCC_WARN_UNDECLARED_SELECTOR = YES;
				GCC_WARN_UNINITIALIZED_AUTOS = YES_AGGRESSIVE;
				GCC_WARN_UNUSED_FUNCTION = YES;
				GCC_WARN_UNUSED_VARIABLE = YES;
				IPHONEOS_DEPLOYMENT_TARGET = 12.0;
				MTL_ENABLE_DEBUG_INFO = NO;
				MTL_FAST_MATH = YES;
				SDKROOT = iphoneos;
				VALIDATE_PRODUCT = YES;
			};
			name = Release;
		};
		4DC503BF217CCCC90047B57F /* Debug */ = {
			isa = XCBuildConfiguration;
			buildSettings = {
				ASSETCATALOG_COMPILER_APPICON_NAME = AppIcon;
				CODE_SIGN_STYLE = Automatic;
				INFOPLIST_FILE = HelloUI/Info.plist;
				IPHONEOS_DEPLOYMENT_TARGET = 12.0;
				LD_RUNPATH_SEARCH_PATHS = (
					"$(inherited)",
					"@executable_path/Frameworks",
				);
				PRODUCT_BUNDLE_IDENTIFIER = hik.HelloUI;
				PRODUCT_NAME = "$(TARGET_NAME)";
				TARGETED_DEVICE_FAMILY = "1,2";
			};
			name = Debug;
		};
		4DC503C0217CCCC90047B57F /* Release */ = {
			isa = XCBuildConfiguration;
			buildSettings = {
				ASSETCATALOG_COMPILER_APPICON_NAME = AppIcon;
				CODE_SIGN_STYLE = Automatic;
				INFOPLIST_FILE = HelloUI/Info.plist;
				IPHONEOS_DEPLOYMENT_TARGET = 12.0;
				LD_RUNPATH_SEARCH_PATHS = (
					"$(inherited)",
					"@executable_path/Frameworks",
				);
				PRODUCT_BUNDLE_IDENTIFIER = hik.HelloUI;
				PRODUCT_NAME = "$(TARGET_NAME)";
				TARGETED_DEVICE_FAMILY = "1,2";
			};
			name = Release;
		};
		4DC503C2217CCCC90047B57F /* Debug */ = {
			isa = XCBuildConfiguration;
			buildSettings = {
				BUNDLE_LOADER = "$(TEST_HOST)";
				CODE_SIGN_STYLE = Automatic;
				INFOPLIST_FILE = HelloUITests/Info.plist;
				LD_RUNPATH_SEARCH_PATHS = (
					"$(inherited)",
					"@executable_path/Frameworks",
					"@loader_path/Frameworks",
				);
				PRODUCT_BUNDLE_IDENTIFIER = hik.HelloUITests;
				PRODUCT_NAME = "$(TARGET_NAME)";
				TARGETED_DEVICE_FAMILY = "1,2";
				TEST_HOST = "$(BUILT_PRODUCTS_DIR)/HelloUI.app/HelloUI";
			};
			name = Debug;
		};
		4DC503C3217CCCC90047B57F /* Release */ = {
			isa = XCBuildConfiguration;
			buildSettings = {
				BUNDLE_LOADER = "$(TEST_HOST)";
				CODE_SIGN_STYLE = Automatic;
				INFOPLIST_FILE = HelloUITests/Info.plist;
				LD_RUNPATH_SEARCH_PATHS = (
					"$(inherited)",
					"@executable_path/Frameworks",
					"@loader_path/Frameworks",
				);
				PRODUCT_BUNDLE_IDENTIFIER = hik.HelloUITests;
				PRODUCT_NAME = "$(TARGET_NAME)";
				TARGETED_DEVICE_FAMILY = "1,2";
				TEST_HOST = "$(BUILT_PRODUCTS_DIR)/HelloUI.app/HelloUI";
			};
			name = Release;
		};
		4DC503C5217CCCC90047B57F /* Debug */ = {
			isa = XCBuildConfiguration;
			buildSettings = {
				CODE_SIGN_STYLE = Automatic;
				INFOPLIST_FILE = HelloUIUITests/Info.plist;
				LD_RUNPATH_SEARCH_PATHS = (
					"$(inherited)",
					"@executable_path/Frameworks",
					"@loader_path/Frameworks",
				);
				PRODUCT_BUNDLE_IDENTIFIER = hik.HelloUIUITests;
				PRODUCT_NAME = "$(TARGET_NAME)";
				TARGETED_DEVICE_FAMILY = "1,2";
				TEST_TARGET_NAME = HelloUI;
			};
			name = Debug;
		};
		4DC503C6217CCCC90047B57F /* Release */ = {
			isa = XCBuildConfiguration;
			buildSettings = {
				CODE_SIGN_STYLE = Automatic;
				INFOPLIST_FILE = HelloUIUITests/Info.plist;
				LD_RUNPATH_SEARCH_PATHS = (
					"$(inherited)",
					"@executable_path/Frameworks",
					"@loader_path/Frameworks",
				);
				PRODUCT_BUNDLE_IDENTIFIER = hik.HelloUIUITests;
				PRODUCT_NAME = "$(TARGET_NAME)";
				TARGETED_DEVICE_FAMILY = "1,2";
				TEST_TARGET_NAME = HelloUI;
			};
			name = Release;
		};
/* End XCBuildConfiguration section */

/* Begin XCConfigurationList section */
		4DC5038D217CCCC70047B57F /* Build configuration list for PBXProject "HelloUI" */ = {
			isa = XCConfigurationList;
			buildConfigurations = (
				4DC503BC217CCCC90047B57F /* Debug */,
				4DC503BD217CCCC90047B57F /* Release */,
			);
			defaultConfigurationIsVisible = 0;
			defaultConfigurationName = Release;
		};
		4DC503BE217CCCC90047B57F /* Build configuration list for PBXNativeTarget "HelloUI" */ = {
			isa = XCConfigurationList;
			buildConfigurations = (
				4DC503BF217CCCC90047B57F /* Debug */,
				4DC503C0217CCCC90047B57F /* Release */,
			);
			defaultConfigurationIsVisible = 0;
			defaultConfigurationName = Release;
		};
		4DC503C1217CCCC90047B57F /* Build configuration list for PBXNativeTarget "HelloUITests" */ = {
			isa = XCConfigurationList;
			buildConfigurations = (
				4DC503C2217CCCC90047B57F /* Debug */,
				4DC503C3217CCCC90047B57F /* Release */,
			);
			defaultConfigurationIsVisible = 0;
			defaultConfigurationName = Release;
		};
		4DC503C4217CCCC90047B57F /* Build configuration list for PBXNativeTarget "HelloUIUITests" */ = {
			isa = XCConfigurationList;
			buildConfigurations = (
				4DC503C5217CCCC90047B57F /* Debug */,
				4DC503C6217CCCC90047B57F /* Release */,
			);
			defaultConfigurationIsVisible = 0;
			defaultConfigurationName = Release;
		};
/* End XCConfigurationList section */
	};
	rootObject = 4DC5038A217CCCC70047B57F /* Project object */;
}
